
Microsoft Visual Studio Solution File, Format Version 12.00
# Visual Studio 15
VisualStudioVersion = 15.0.28010.2016
MinimumVisualStudioVersion = 10.0.40219.1
Project("{FAE04EC0-301F-11D3-BF4B-00C04F79EFBC}") = "Game", "Game\Game\Game.csproj", "{85C6C079-1D19-4359-B35D-657CFBC69BCE}"
EndProject
Project("{96E2B04D-8817-42C6-938A-82C39BA4D311}") = "GameContent", "Game\GameContent\GameContent.contentproj", "{E6686049-653A-482E-95F4-B1A7A8AD8533}"
EndProject
Global
	GlobalSection(SolutionConfigurationPlatforms) = preSolution
		Debug|x86 = Debug|x86
		Release|x86 = Release|x86
	EndGlobalSection
	GlobalSection(ProjectConfigurationPlatforms) = postSolution
		{85C6C079-1D19-4359-B35D-657CFBC69BCE}.Debug|x86.ActiveCfg = Debug|x86
		{85C6C079-1D19-4359-B35D-657CFBC69BCE}.Debug|x86.Build.0 = Debug|x86
		{85C6C079-1D19-4359-B35D-657CFBC69BCE}.Release|x86.ActiveCfg = Release|x86
		{85C6C079-1D19-4359-B35D-657CFBC69BCE}.Release|x86.Build.0 = Release|x86
		{E6686049-653A-482E-95F4-B1A7A8AD8533}.Debug|x86.ActiveCfg = Debug|x86
		{E6686049-653A-482E-95F4-B1A7A8AD8533}.Release|x86.ActiveCfg = Release|x86
	EndGlobalSection
	GlobalSection(SolutionProperties) = preSolution
		HideSolutionNode = FALSE
	EndGlobalSection
	GlobalSection(ExtensibilityGlobals) = postSolution
		SolutionGuid = {CEC76337-6E9C-4233-8371-05777C83A125}
	EndGlobalSection
EndGlobal
